
Microsoft Visual Studio Solution File, Format Version 12.00
# Visual Studio 15
VisualStudioVersion = 15.0.28010.2026
MinimumVisualStudioVersion = 10.0.40219.1
Project("{FAE04EC0-301F-11D3-BF4B-00C04F79EFBC}") = "UnderstandingMediator", "UnderstandingMediator\UnderstandingMediator.csproj", "{C97A0F85-BA9E-47F0-B033-954D96BD1518}"
EndProject
Global
	GlobalSection(SolutionConfigurationPlatforms) = preSolution
		Debug|Any CPU = Debug|Any CPU
		Release|Any CPU = Release|Any CPU
	EndGlobalSection
	GlobalSection(ProjectConfigurationPlatforms) = postSolution
		{C97A0F85-BA9E-47F0-B033-954D96BD1518}.Debug|Any CPU.ActiveCfg = Debug|Any CPU
		{C97A0F85-BA9E-47F0-B033-954D96BD1518}.Debug|Any CPU.Build.0 = Debug|Any CPU
		{C97A0F85-BA9E-47F0-B033-954D96BD1518}.Release|Any CPU.ActiveCfg = Release|Any CPU
		{C97A0F85-BA9E-47F0-B033-954D96BD1518}.Release|Any CPU.Build.0 = Release|Any CPU
	EndGlobalSection
	GlobalSection(SolutionProperties) = preSolution
		HideSolutionNode = FALSE
	EndGlobalSection
	GlobalSection(ExtensibilityGlobals) = postSolution
		SolutionGuid = {CFBDB6BB-1D6B-48E6-9785-268B4938A19B}
	EndGlobalSection
EndGlobal
